schema: '2.0'
stages:
  load_data:
    cmd: python src/load_data.py
    deps:
    - path: src/load_data.py
      hash: md5
      md5: b1cc18baea1257f3fbfb0aa9c771ed42
      size: 227
    outs:
    - path: output/data.pkl
      hash: md5
      md5: 35353c71da0985eed8bb507bbc53bd91
      size: 54950285
  train:
    cmd: python src/train.py
    deps:
    - path: output/data.pkl
      hash: md5
      md5: 35353c71da0985eed8bb507bbc53bd91
      size: 54950285
    - path: src/train.py
      hash: md5
      md5: cbcb201176828feaf6ff334bc9073b42
      size: 3333
    params:
      params.yaml:
        train.batch_size: 128
        train.dropout: 0.4
        train.hidden_units: 64
        train.lr: 0.001
        train.num_epochs: 2
    outs:
    - path: dvclive/metrics.json
      hash: md5
      md5: a71a0dd22403ee1c22d5ba42e6f5766e
      size: 54
    - path: dvclive/plots/metrics/accuracy.tsv
      hash: md5
      md5: eb378e52cd35ef53efd0597ef43e1b0e
      size: 56
    - path: output/myfmmodel.keras
      hash: md5
      md5: 40536176b724dfb875f6734613c83793
      size: 3681312
    - path: output/myfmmodel.tar.gz
      hash: md5
      md5: 6c483d11191f9760a9b30db745452265
      size: 3407811
    - path: output/train_logs.csv
      hash: md5
      md5: 1362c0c955b43da7943432668e0e9b62
      size: 101
  evaluate:
    cmd: python src/evaluate.py
    deps:
    - path: output/data.pkl
      hash: md5
      md5: 35353c71da0985eed8bb507bbc53bd91
      size: 54950285
    - path: output/myfmmodel.keras
      hash: md5
      md5: 40536176b724dfb875f6734613c83793
      size: 3681312
    - path: src/evaluate.py
      hash: md5
      md5: d55658c1947e760905f8784a695033b4
      size: 2983
    outs:
    - path: output/metrics.json
      hash: md5
      md5: 24ac6477402570c72719ba878babac03
      size: 61
    - path: output/predictions.json
      hash: md5
      md5: c982f95fb523d65c368a679733764c9b
      size: 310000
    - path: output/test/samples_of_mispredicted_images/
      hash: md5
      md5: d955723e84c7690fac90b73eac05c587.dir
      size: 172062
      nfiles: 10
